{
  "version": 4,
  "terraform_version": "1.6.6",
  "serial": 15,
  "lineage": "071ebf7b-df44-0d64-5828-c279e053c205",
  "outputs": {},
  "resources": [
    {
      "mode": "managed",
      "type": "azurerm_app_service",
      "name": "app",
      "provider": "provider[\"registry.terraform.io/hashicorp/azurerm\"]",
      "instances": [
        {
          "schema_version": 0,
          "attributes": {
            "app_service_plan_id": "/subscriptions/c520b0a6-229a-4627-a145-973021e7c04d/resourceGroups/my-tra-group/providers/Microsoft.Web/serverfarms/my-traapp-service-plan",
            "app_settings": {},
            "auth_settings": [
              {
                "active_directory": [],
                "additional_login_params": {},
                "allowed_external_redirect_urls": [],
                "default_provider": "",
                "enabled": false,
                "facebook": [],
                "google": [],
                "issuer": "",
                "microsoft": [],
                "runtime_version": "",
                "token_refresh_extension_hours": 0,
                "token_store_enabled": false,
                "twitter": [],
                "unauthenticated_client_action": ""
              }
            ],
            "backup": [],
            "client_affinity_enabled": false,
            "client_cert_enabled": false,
            "client_cert_mode": "Required",
            "connection_string": [],
            "custom_domain_verification_id": "7327F57EDA6567878A0DE0FAF6716DC937B9396AAB76DAA8DBFAC2C91C6CFF1B",
            "default_site_hostname": "my-unique-hello-world-app.azurewebsites.net",
            "enabled": true,
            "https_only": false,
            "id": "/subscriptions/c520b0a6-229a-4627-a145-973021e7c04d/resourceGroups/my-tra-group/providers/Microsoft.Web/sites/my-unique-hello-world-app",
            "identity": [],
            "key_vault_reference_identity_id": "SystemAssigned",
            "location": "eastus",
            "logs": [
              {
                "application_logs": [
                  {
                    "azure_blob_storage": [],
                    "file_system_level": "Off"
                  }
                ],
                "detailed_error_messages_enabled": false,
                "failed_request_tracing_enabled": false,
                "http_logs": [
                  {
                    "azure_blob_storage": [],
                    "file_system": []
                  }
                ]
              }
            ],
            "name": "my-unique-hello-world-app",
            "outbound_ip_address_list": [
              "4.156.128.35",
              "4.156.128.71",
              "4.156.128.99",
              "4.156.128.113",
              "4.156.130.122",
              "4.156.128.55",
              "20.102.24.20",
              "20.241.132.109",
              "20.241.132.153",
              "20.241.133.48",
              "20.241.134.181",
              "20.241.134.239",
              "20.119.8.58"
            ],
            "outbound_ip_addresses": "4.156.128.35,4.156.128.71,4.156.128.99,4.156.128.113,4.156.130.122,4.156.128.55,20.102.24.20,20.241.132.109,20.241.132.153,20.241.133.48,20.241.134.181,20.241.134.239,20.119.8.58",
            "possible_outbound_ip_address_list": [
              "4.156.128.35",
              "4.156.128.71",
              "4.156.128.99",
              "4.156.128.113",
              "4.156.130.122",
              "4.156.128.55",
              "20.102.24.20",
              "20.241.132.109",
              "20.241.132.153",
              "20.241.133.48",
              "20.241.134.181",
              "20.241.134.239",
              "20.253.64.249",
              "20.253.65.166",
              "20.253.66.31",
              "20.253.66.60",
              "20.253.66.250",
              "20.253.68.7",
              "20.253.68.145",
              "20.253.69.44",
              "20.253.70.240",
              "20.253.71.136",
              "20.253.71.184",
              "20.253.71.243",
              "4.156.128.35",
              "4.156.128.71",
              "4.156.128.99",
              "4.156.128.113",
              "4.156.130.122",
              "4.156.128.55",
              "4.156.128.91",
              "4.156.130.209",
              "4.156.131.7",
              "4.156.131.102",
              "4.156.131.141",
              "4.156.131.146",
              "20.119.8.58"
            ],
            "possible_outbound_ip_addresses": "4.156.128.35,4.156.128.71,4.156.128.99,4.156.128.113,4.156.130.122,4.156.128.55,20.102.24.20,20.241.132.109,20.241.132.153,20.241.133.48,20.241.134.181,20.241.134.239,20.253.64.249,20.253.65.166,20.253.66.31,20.253.66.60,20.253.66.250,20.253.68.7,20.253.68.145,20.253.69.44,20.253.70.240,20.253.71.136,20.253.71.184,20.253.71.243,4.156.128.35,4.156.128.71,4.156.128.99,4.156.128.113,4.156.130.122,4.156.128.55,4.156.128.91,4.156.130.209,4.156.131.7,4.156.131.102,4.156.131.141,4.156.131.146,20.119.8.58",
            "resource_group_name": "my-tra-group",
            "site_config": [
              {
                "acr_use_managed_identity_credentials": false,
                "acr_user_managed_identity_client_id": "",
                "always_on": false,
                "app_command_line": "",
                "auto_swap_slot_name": "",
                "cors": [
                  {
                    "allowed_origins": [],
                    "support_credentials": false
                  }
                ],
                "default_documents": [],
                "dotnet_framework_version": "v4.0",
                "ftps_state": "FtpsOnly",
                "health_check_path": "",
                "http2_enabled": false,
                "ip_restriction": [],
                "java_container": "",
                "java_container_version": "",
                "java_version": "",
                "linux_fx_version": "NODE|20-lts",
                "local_mysql_enabled": false,
                "managed_pipeline_mode": "Integrated",
                "min_tls_version": "1.2",
                "number_of_workers": 1,
                "php_version": "",
                "python_version": "",
                "remote_debugging_enabled": false,
                "remote_debugging_version": "VS2019",
                "scm_ip_restriction": [],
                "scm_type": "GitHub",
                "scm_use_main_ip_restriction": false,
                "use_32_bit_worker_process": false,
                "vnet_route_all_enabled": false,
                "websockets_enabled": false,
                "windows_fx_version": ""
              }
            ],
            "site_credential": [
              {
                "password": "WmrNEBjh3EfSdk7iiadJfaW7wykZa79mekSxpb9Fc38lpuj26AqFY5gCr4hr",
                "username": "$my-unique-hello-world-app"
              }
            ],
            "source_control": [
              {
                "branch": "master",
                "manual_integration": false,
                "repo_url": "https://github.com/devsandanayake/terrafoemtest",
                "rollback_enabled": false,
                "use_mercurial": false
              }
            ],
            "storage_account": [],
            "tags": {},
            "timeouts": null
          },
          "sensitive_attributes": [],
          "private": "eyJlMmJmYjczMC1lY2FhLTExZTYtOGY4OC0zNDM2M2JjN2M0YzAiOnsiY3JlYXRlIjoxODAwMDAwMDAwMDAwLCJkZWxldGUiOjE4MDAwMDAwMDAwMDAsInJlYWQiOjMwMDAwMDAwMDAwMCwidXBkYXRlIjoxODAwMDAwMDAwMDAwfX0=",
          "dependencies": [
            "azurerm_app_service_plan.app_service_plan"
          ]
        }
      ]
    },
    {
      "mode": "managed",
      "type": "azurerm_app_service_plan",
      "name": "app_service_plan",
      "provider": "provider[\"registry.terraform.io/hashicorp/azurerm\"]",
      "instances": [
        {
          "schema_version": 0,
          "attributes": {
            "app_service_environment_id": "",
            "id": "/subscriptions/c520b0a6-229a-4627-a145-973021e7c04d/resourceGroups/my-tra-group/providers/Microsoft.Web/serverfarms/my-traapp-service-plan",
            "is_xenon": false,
            "kind": "linux",
            "location": "eastus",
            "maximum_elastic_worker_count": 1,
            "maximum_number_of_workers": 3,
            "name": "my-traapp-service-plan",
            "per_site_scaling": false,
            "reserved": true,
            "resource_group_name": "my-tra-group",
            "sku": [
              {
                "capacity": 1,
                "size": "B1",
                "tier": "Basic"
              }
            ],
            "tags": {},
            "timeouts": null,
            "zone_redundant": false
          },
          "sensitive_attributes": [],
          "private": "eyJlMmJmYjczMC1lY2FhLTExZTYtOGY4OC0zNDM2M2JjN2M0YzAiOnsiY3JlYXRlIjozNjAwMDAwMDAwMDAwLCJkZWxldGUiOjM2MDAwMDAwMDAwMDAsInJlYWQiOjMwMDAwMDAwMDAwMCwidXBkYXRlIjozNjAwMDAwMDAwMDAwfX0="
        }
      ]
    },
    {
      "mode": "managed",
      "type": "azurerm_app_service_plan",
      "name": "plan",
      "provider": "provider[\"registry.terraform.io/hashicorp/azurerm\"]",
      "instances": [
        {
          "schema_version": 0,
          "attributes": {
            "app_service_environment_id": "",
            "id": "/subscriptions/c520b0a6-229a-4627-a145-973021e7c04d/resourceGroups/my-hello-world-rg/providers/Microsoft.Web/serverfarms/my-hello-world-plan",
            "is_xenon": false,
            "kind": "Windows",
            "location": "westus",
            "maximum_elastic_worker_count": 1,
            "maximum_number_of_workers": 3,
            "name": "my-hello-world-plan",
            "per_site_scaling": false,
            "reserved": false,
            "resource_group_name": "my-hello-world-rg",
            "sku": [
              {
                "capacity": 1,
                "size": "B1",
                "tier": "Basic"
              }
            ],
            "tags": {},
            "timeouts": null,
            "zone_redundant": false
          },
          "sensitive_attributes": [],
          "private": "eyJlMmJmYjczMC1lY2FhLTExZTYtOGY4OC0zNDM2M2JjN2M0YzAiOnsiY3JlYXRlIjozNjAwMDAwMDAwMDAwLCJkZWxldGUiOjM2MDAwMDAwMDAwMDAsInJlYWQiOjMwMDAwMDAwMDAwMCwidXBkYXRlIjozNjAwMDAwMDAwMDAwfX0=",
          "dependencies": [
            "azurerm_resource_group.rg"
          ]
        }
      ]
    },
    {
      "mode": "managed",
      "type": "azurerm_resource_group",
      "name": "rg",
      "provider": "provider[\"registry.terraform.io/hashicorp/azurerm\"]",
      "instances": [
        {
          "schema_version": 0,
          "attributes": {
            "id": "/subscriptions/c520b0a6-229a-4627-a145-973021e7c04d/resourceGroups/my-hello-world-rg",
            "location": "westus",
            "managed_by": "",
            "name": "my-hello-world-rg",
            "tags": {},
            "timeouts": null
          },
          "sensitive_attributes": [],
          "private": "eyJlMmJmYjczMC1lY2FhLTExZTYtOGY4OC0zNDM2M2JjN2M0YzAiOnsiY3JlYXRlIjo1NDAwMDAwMDAwMDAwLCJkZWxldGUiOjU0MDAwMDAwMDAwMDAsInJlYWQiOjMwMDAwMDAwMDAwMCwidXBkYXRlIjo1NDAwMDAwMDAwMDAwfX0="
        }
      ]
    }
  ],
  "check_results": null
}
